
Microsoft Visual Studio Solution File, Format Version 12.00
# Visual Studio 14
VisualStudioVersion = 14.0.23107.0
MinimumVisualStudioVersion = 10.0.40219.1
Project("{FAE04EC0-301F-11D3-BF4B-00C04F79EFBC}") = "MvvmSample.Droid", "MvvmSample\MvvmSample.Droid\MvvmSample.Droid.csproj", "{A81207B7-3A40-4959-BACC-CB4D5F56A2CD}"
EndProject
Project("{FAE04EC0-301F-11D3-BF4B-00C04F79EFBC}") = "MvvmSample.iOS", "MvvmSample\MvvmSample.iOS\MvvmSample.iOS.csproj", "{DEA871A8-9FC4-4829-95BA-0260B441B50D}"
EndProject
Project("{FAE04EC0-301F-11D3-BF4B-00C04F79EFBC}") = "MvvmSample.WinPhone", "MvvmSample\MvvmSample.WinPhone\MvvmSample.WinPhone.csproj", "{DCDBECD1-B8E1-456B-B0CC-608067068532}"
EndProject
Project("{FAE04EC0-301F-11D3-BF4B-00C04F79EFBC}") = "MvvmSample", "MvvmSample\MvvmSample\MvvmSample.csproj", "{6CA763CC-60AB-4654-8AB0-925D4E2D97B1}"
EndProject
Global
	GlobalSection(SolutionConfigurationPlatforms) = preSolution
		Ad-Hoc|Any CPU = Ad-Hoc|Any CPU
		Ad-Hoc|ARM = Ad-Hoc|ARM
		Ad-Hoc|iPhone = Ad-Hoc|iPhone
		Ad-Hoc|iPhoneSimulator = Ad-Hoc|iPhoneSimulator
		Ad-Hoc|x86 = Ad-Hoc|x86
		AppStore|Any CPU = AppStore|Any CPU
		AppStore|ARM = AppStore|ARM
		AppStore|iPhone = AppStore|iPhone
		AppStore|iPhoneSimulator = AppStore|iPhoneSimulator
		AppStore|x86 = AppStore|x86
		Debug|Any CPU = Debug|Any CPU
		Debug|ARM = Debug|ARM
		Debug|iPhone = Debug|iPhone
		Debug|iPhoneSimulator = Debug|iPhoneSimulator
		Debug|x86 = Debug|x86
		Release|Any CPU = Release|Any CPU
		Release|ARM = Release|ARM
		Release|iPhone = Release|iPhone
		Release|iPhoneSimulator = Release|iPhoneSimulator
		Release|x86 = Release|x86
	EndGlobalSection
	GlobalSection(ProjectConfigurationPlatforms) = postSolution
		{A81207B7-3A40-4959-BACC-CB4D5F56A2CD}.Ad-Hoc|Any CPU.ActiveCfg = Release|Any CPU
		{A81207B7-3A40-4959-BACC-CB4D5F56A2CD}.Ad-Hoc|Any CPU.Build.0 = Release|Any CPU
		{A81207B7-3A40-4959-BACC-CB4D5F56A2CD}.Ad-Hoc|Any CPU.Deploy.0 = Release|Any CPU
		{A81207B7-3A40-4959-BACC-CB4D5F56A2CD}.Ad-Hoc|ARM.ActiveCfg = Release|Any CPU
		{A81207B7-3A40-4959-BACC-CB4D5F56A2CD}.Ad-Hoc|ARM.Build.0 = Release|Any CPU
		{A81207B7-3A40-4959-BACC-CB4D5F56A2CD}.Ad-Hoc|ARM.Deploy.0 = Release|Any CPU
		{A81207B7-3A40-4959-BACC-CB4D5F56A2CD}.Ad-Hoc|iPhone.ActiveCfg = Release|Any CPU
		{A81207B7-3A40-4959-BACC-CB4D5F56A2CD}.Ad-Hoc|iPhone.Build.0 = Release|Any CPU
		{A81207B7-3A40-4959-BACC-CB4D5F56A2CD}.Ad-Hoc|iPhone.Deploy.0 = Release|Any CPU
		{A81207B7-3A40-4959-BACC-CB4D5F56A2CD}.Ad-Hoc|iPhoneSimulator.ActiveCfg = Release|Any CPU
		{A81207B7-3A40-4959-BACC-CB4D5F56A2CD}.Ad-Hoc|iPhoneSimulator.Build.0 = Release|Any CPU
		{A81207B7-3A40-4959-BACC-CB4D5F56A2CD}.Ad-Hoc|iPhoneSimulator.Deploy.0 = Release|Any CPU
		{A81207B7-3A40-4959-BACC-CB4D5F56A2CD}.Ad-Hoc|x86.ActiveCfg = Release|Any CPU
		{A81207B7-3A40-4959-BACC-CB4D5F56A2CD}.Ad-Hoc|x86.Build.0 = Release|Any CPU
		{A81207B7-3A40-4959-BACC-CB4D5F56A2CD}.Ad-Hoc|x86.Deploy.0 = Release|Any CPU
		{A81207B7-3A40-4959-BACC-CB4D5F56A2CD}.AppStore|Any CPU.ActiveCfg = Release|Any CPU
		{A81207B7-3A40-4959-BACC-CB4D5F56A2CD}.AppStore|Any CPU.Build.0 = Release|Any CPU
		{A81207B7-3A40-4959-BACC-CB4D5F56A2CD}.AppStore|Any CPU.Deploy.0 = Release|Any CPU
		{A81207B7-3A40-4959-BACC-CB4D5F56A2CD}.AppStore|ARM.ActiveCfg = Release|Any CPU
		{A81207B7-3A40-4959-BACC-CB4D5F56A2CD}.AppStore|ARM.Build.0 = Release|Any CPU
		{A81207B7-3A40-4959-BACC-CB4D5F56A2CD}.AppStore|ARM.Deploy.0 = Release|Any CPU
		{A81207B7-3A40-4959-BACC-CB4D5F56A2CD}.AppStore|iPhone.ActiveCfg = Release|Any CPU
		{A81207B7-3A40-4959-BACC-CB4D5F56A2CD}.AppStore|iPhone.Build.0 = Release|Any CPU
		{A81207B7-3A40-4959-BACC-CB4D5F56A2CD}.AppStore|iPhone.Deploy.0 = Release|Any CPU
		{A81207B7-3A40-4959-BACC-CB4D5F56A2CD}.AppStore|iPhoneSimulator.ActiveCfg = Release|Any CPU
		{A81207B7-3A40-4959-BACC-CB4D5F56A2CD}.AppStore|iPhoneSimulator.Build.0 = Release|Any CPU
		{A81207B7-3A40-4959-BACC-CB4D5F56A2CD}.AppStore|iPhoneSimulator.Deploy.0 = Release|Any CPU
		{A81207B7-3A40-4959-BACC-CB4D5F56A2CD}.AppStore|x86.ActiveCfg = Release|Any CPU
		{A81207B7-3A40-4959-BACC-CB4D5F56A2CD}.AppStore|x86.Build.0 = Release|Any CPU
		{A81207B7-3A40-4959-BACC-CB4D5F56A2CD}.AppStore|x86.Deploy.0 = Release|Any CPU
		{A81207B7-3A40-4959-BACC-CB4D5F56A2CD}.Debug|Any CPU.ActiveCfg = Debug|Any CPU
		{A81207B7-3A40-4959-BACC-CB4D5F56A2CD}.Debug|Any CPU.Build.0 = Debug|Any CPU
		{A81207B7-3A40-4959-BACC-CB4D5F56A2CD}.Debug|Any CPU.Deploy.0 = Debug|Any CPU
		{A81207B7-3A40-4959-BACC-CB4D5F56A2CD}.Debug|ARM.ActiveCfg = Debug|Any CPU
		{A81207B7-3A40-4959-BACC-CB4D5F56A2CD}.Debug|ARM.Build.0 = Debug|Any CPU
		{A81207B7-3A40-4959-BACC-CB4D5F56A2CD}.Debug|ARM.Deploy.0 = Debug|Any CPU
		{A81207B7-3A40-4959-BACC-CB4D5F56A2CD}.Debug|iPhone.ActiveCfg = Debug|Any CPU
		{A81207B7-3A40-4959-BACC-CB4D5F56A2CD}.Debug|iPhone.Build.0 = Debug|Any CPU
		{A81207B7-3A40-4959-BACC-CB4D5F56A2CD}.Debug|iPhone.Deploy.0 = Debug|Any CPU
		{A81207B7-3A40-4959-BACC-CB4D5F56A2CD}.Debug|iPhoneSimulator.ActiveCfg = Debug|Any CPU
		{A81207B7-3A40-4959-BACC-CB4D5F56A2CD}.Debug|iPhoneSimulator.Build.0 = Debug|Any CPU
		{A81207B7-3A40-4959-BACC-CB4D5F56A2CD}.Debug|iPhoneSimulator.Deploy.0 = Debug|Any CPU
		{A81207B7-3A40-4959-BACC-CB4D5F56A2CD}.Debug|x86.ActiveCfg = Debug|Any CPU
		{A81207B7-3A40-4959-BACC-CB4D5F56A2CD}.Debug|x86.Build.0 = Debug|Any CPU
		{A81207B7-3A40-4959-BACC-CB4D5F56A2CD}.Debug|x86.Deploy.0 = Debug|Any CPU
		{A81207B7-3A40-4959-BACC-CB4D5F56A2CD}.Release|Any CPU.ActiveCfg = Release|Any CPU
		{A81207B7-3A40-4959-BACC-CB4D5F56A2CD}.Release|Any CPU.Build.0 = Release|Any CPU
		{A81207B7-3A40-4959-BACC-CB4D5F56A2CD}.Release|Any CPU.Deploy.0 = Release|Any CPU
		{A81207B7-3A40-4959-BACC-CB4D5F56A2CD}.Release|ARM.ActiveCfg = Release|Any CPU
		{A81207B7-3A40-4959-BACC-CB4D5F56A2CD}.Release|ARM.Build.0 = Release|Any CPU
		{A81207B7-3A40-4959-BACC-CB4D5F56A2CD}.Release|ARM.Deploy.0 = Release|Any CPU
		{A81207B7-3A40-4959-BACC-CB4D5F56A2CD}.Release|iPhone.ActiveCfg = Release|Any CPU
		{A81207B7-3A40-4959-BACC-CB4D5F56A2CD}.Release|iPhone.Build.0 = Release|Any CPU
		{A81207B7-3A40-4959-BACC-CB4D5F56A2CD}.Release|iPhone.Deploy.0 = Release|Any CPU
		{A81207B7-3A40-4959-BACC-CB4D5F56A2CD}.Release|iPhoneSimulator.ActiveCfg = Release|Any CPU
		{A81207B7-3A40-4959-BACC-CB4D5F56A2CD}.Release|iPhoneSimulator.Build.0 = Release|Any CPU
		{A81207B7-3A40-4959-BACC-CB4D5F56A2CD}.Release|iPhoneSimulator.Deploy.0 = Release|Any CPU
		{A81207B7-3A40-4959-BACC-CB4D5F56A2CD}.Release|x86.ActiveCfg = Release|Any CPU
		{A81207B7-3A40-4959-BACC-CB4D5F56A2CD}.Release|x86.Build.0 = Release|Any CPU
		{A81207B7-3A40-4959-BACC-CB4D5F56A2CD}.Release|x86.Deploy.0 = Release|Any CPU
		{DEA871A8-9FC4-4829-95BA-0260B441B50D}.Ad-Hoc|Any CPU.ActiveCfg = Ad-Hoc|iPhone
		{DEA871A8-9FC4-4829-95BA-0260B441B50D}.Ad-Hoc|ARM.ActiveCfg = Ad-Hoc|iPhone
		{DEA871A8-9FC4-4829-95BA-0260B441B50D}.Ad-Hoc|iPhone.ActiveCfg = Ad-Hoc|iPhone
		{DEA871A8-9FC4-4829-95BA-0260B441B50D}.Ad-Hoc|iPhone.Build.0 = Ad-Hoc|iPhone
		{DEA871A8-9FC4-4829-95BA-0260B441B50D}.Ad-Hoc|iPhoneSimulator.ActiveCfg = Ad-Hoc|iPhoneSimulator
		{DEA871A8-9FC4-4829-95BA-0260B441B50D}.Ad-Hoc|iPhoneSimulator.Build.0 = Ad-Hoc|iPhoneSimulator
		{DEA871A8-9FC4-4829-95BA-0260B441B50D}.Ad-Hoc|x86.ActiveCfg = Ad-Hoc|iPhone
		{DEA871A8-9FC4-4829-95BA-0260B441B50D}.AppStore|Any CPU.ActiveCfg = AppStore|iPhone
		{DEA871A8-9FC4-4829-95BA-0260B441B50D}.AppStore|ARM.ActiveCfg = AppStore|iPhone
		{DEA871A8-9FC4-4829-95BA-0260B441B50D}.AppStore|iPhone.ActiveCfg = AppStore|iPhone
		{DEA871A8-9FC4-4829-95BA-0260B441B50D}.AppStore|iPhone.Build.0 = AppStore|iPhone
		{DEA871A8-9FC4-4829-95BA-0260B441B50D}.AppStore|iPhoneSimulator.ActiveCfg = AppStore|iPhoneSimulator
		{DEA871A8-9FC4-4829-95BA-0260B441B50D}.AppStore|iPhoneSimulator.Build.0 = AppStore|iPhoneSimulator
		{DEA871A8-9FC4-4829-95BA-0260B441B50D}.AppStore|x86.ActiveCfg = AppStore|iPhone
		{DEA871A8-9FC4-4829-95BA-0260B441B50D}.Debug|Any CPU.ActiveCfg = Debug|iPhone
		{DEA871A8-9FC4-4829-95BA-0260B441B50D}.Debug|ARM.ActiveCfg = Debug|iPhone
		{DEA871A8-9FC4-4829-95BA-0260B441B50D}.Debug|iPhone.ActiveCfg = Debug|iPhone
		{DEA871A8-9FC4-4829-95BA-0260B441B50D}.Debug|iPhone.Build.0 = Debug|iPhone
		{DEA871A8-9FC4-4829-95BA-0260B441B50D}.Debug|iPhoneSimulator.ActiveCfg = Debug|iPhoneSimulator
		{DEA871A8-9FC4-4829-95BA-0260B441B50D}.Debug|iPhoneSimulator.Build.0 = Debug|iPhoneSimulator
		{DEA871A8-9FC4-4829-95BA-0260B441B50D}.Debug|x86.ActiveCfg = Debug|iPhone
		{DEA871A8-9FC4-4829-95BA-0260B441B50D}.Release|Any CPU.ActiveCfg = Release|iPhone
		{DEA871A8-9FC4-4829-95BA-0260B441B50D}.Release|ARM.ActiveCfg = Release|iPhone
		{DEA871A8-9FC4-4829-95BA-0260B441B50D}.Release|iPhone.ActiveCfg = Release|iPhone
		{DEA871A8-9FC4-4829-95BA-0260B441B50D}.Release|iPhone.Build.0 = Release|iPhone
		{DEA871A8-9FC4-4829-95BA-0260B441B50D}.Release|iPhoneSimulator.ActiveCfg = Release|iPhoneSimulator
		{DEA871A8-9FC4-4829-95BA-0260B441B50D}.Release|iPhoneSimulator.Build.0 = Release|iPhoneSimulator
		{DEA871A8-9FC4-4829-95BA-0260B441B50D}.Release|x86.ActiveCfg = Release|iPhone
		{DCDBECD1-B8E1-456B-B0CC-608067068532}.Ad-Hoc|Any CPU.ActiveCfg = Release|Any CPU
		{DCDBECD1-B8E1-456B-B0CC-608067068532}.Ad-Hoc|Any CPU.Build.0 = Release|Any CPU
		{DCDBECD1-B8E1-456B-B0CC-608067068532}.Ad-Hoc|Any CPU.Deploy.0 = Release|Any CPU
		{DCDBECD1-B8E1-456B-B0CC-608067068532}.Ad-Hoc|ARM.ActiveCfg = Release|ARM
		{DCDBECD1-B8E1-456B-B0CC-608067068532}.Ad-Hoc|ARM.Build.0 = Release|ARM
		{DCDBECD1-B8E1-456B-B0CC-608067068532}.Ad-Hoc|ARM.Deploy.0 = Release|ARM
		{DCDBECD1-B8E1-456B-B0CC-608067068532}.Ad-Hoc|iPhone.ActiveCfg = Release|Any CPU
		{DCDBECD1-B8E1-456B-B0CC-608067068532}.Ad-Hoc|iPhone.Build.0 = Release|Any CPU
		{DCDBECD1-B8E1-456B-B0CC-608067068532}.Ad-Hoc|iPhone.Deploy.0 = Release|Any CPU
		{DCDBECD1-B8E1-456B-B0CC-608067068532}.Ad-Hoc|iPhoneSimulator.ActiveCfg = Release|Any CPU
		{DCDBECD1-B8E1-456B-B0CC-608067068532}.Ad-Hoc|iPhoneSimulator.Build.0 = Release|Any CPU
		{DCDBECD1-B8E1-456B-B0CC-608067068532}.Ad-Hoc|iPhoneSimulator.Deploy.0 = Release|Any CPU
		{DCDBECD1-B8E1-456B-B0CC-608067068532}.Ad-Hoc|x86.ActiveCfg = Release|x86
		{DCDBECD1-B8E1-456B-B0CC-608067068532}.Ad-Hoc|x86.Build.0 = Release|x86
		{DCDBECD1-B8E1-456B-B0CC-608067068532}.Ad-Hoc|x86.Deploy.0 = Release|x86
		{DCDBECD1-B8E1-456B-B0CC-608067068532}.AppStore|Any CPU.ActiveCfg = Release|Any CPU
		{DCDBECD1-B8E1-456B-B0CC-608067068532}.AppStore|Any CPU.Build.0 = Release|Any CPU
		{DCDBECD1-B8E1-456B-B0CC-608067068532}.AppStore|Any CPU.Deploy.0 = Release|Any CPU
		{DCDBECD1-B8E1-456B-B0CC-608067068532}.AppStore|ARM.ActiveCfg = Release|ARM
		{DCDBECD1-B8E1-456B-B0CC-608067068532}.AppStore|ARM.Build.0 = Release|ARM
		{DCDBECD1-B8E1-456B-B0CC-608067068532}.AppStore|ARM.Deploy.0 = Release|ARM
		{DCDBECD1-B8E1-456B-B0CC-608067068532}.AppStore|iPhone.ActiveCfg = Release|Any CPU
		{DCDBECD1-B8E1-456B-B0CC-608067068532}.AppStore|iPhone.Build.0 = Release|Any CPU
		{DCDBECD1-B8E1-456B-B0CC-608067068532}.AppStore|iPhone.Deploy.0 = Release|Any CPU
		{DCDBECD1-B8E1-456B-B0CC-608067068532}.AppStore|iPhoneSimulator.ActiveCfg = Release|Any CPU
		{DCDBECD1-B8E1-456B-B0CC-608067068532}.AppStore|iPhoneSimulator.Build.0 = Release|Any CPU
		{DCDBECD1-B8E1-456B-B0CC-608067068532}.AppStore|iPhoneSimulator.Deploy.0 = Release|Any CPU
		{DCDBECD1-B8E1-456B-B0CC-608067068532}.AppStore|x86.ActiveCfg = Release|x86
		{DCDBECD1-B8E1-456B-B0CC-608067068532}.AppStore|x86.Build.0 = Release|x86
		{DCDBECD1-B8E1-456B-B0CC-608067068532}.AppStore|x86.Deploy.0 = Release|x86
		{DCDBECD1-B8E1-456B-B0CC-608067068532}.Debug|Any CPU.ActiveCfg = Debug|Any CPU
		{DCDBECD1-B8E1-456B-B0CC-608067068532}.Debug|Any CPU.Build.0 = Debug|Any CPU
		{DCDBECD1-B8E1-456B-B0CC-608067068532}.Debug|Any CPU.Deploy.0 = Debug|Any CPU
		{DCDBECD1-B8E1-456B-B0CC-608067068532}.Debug|ARM.ActiveCfg = Debug|ARM
		{DCDBECD1-B8E1-456B-B0CC-608067068532}.Debug|ARM.Build.0 = Debug|ARM
		{DCDBECD1-B8E1-456B-B0CC-608067068532}.Debug|ARM.Deploy.0 = Debug|ARM
		{DCDBECD1-B8E1-456B-B0CC-608067068532}.Debug|iPhone.ActiveCfg = Debug|Any CPU
		{DCDBECD1-B8E1-456B-B0CC-608067068532}.Debug|iPhone.Build.0 = Debug|Any CPU
		{DCDBECD1-B8E1-456B-B0CC-608067068532}.Debug|iPhone.Deploy.0 = Debug|Any CPU
		{DCDBECD1-B8E1-456B-B0CC-608067068532}.Debug|iPhoneSimulator.ActiveCfg = Debug|Any CPU
		{DCDBECD1-B8E1-456B-B0CC-608067068532}.Debug|iPhoneSimulator.Build.0 = Debug|Any CPU
		{DCDBECD1-B8E1-456B-B0CC-608067068532}.Debug|iPhoneSimulator.Deploy.0 = Debug|Any CPU
		{DCDBECD1-B8E1-456B-B0CC-608067068532}.Debug|x86.ActiveCfg = Debug|x86
		{DCDBECD1-B8E1-456B-B0CC-608067068532}.Debug|x86.Build.0 = Debug|x86
		{DCDBECD1-B8E1-456B-B0CC-608067068532}.Debug|x86.Deploy.0 = Debug|x86
		{DCDBECD1-B8E1-456B-B0CC-608067068532}.Release|Any CPU.ActiveCfg = Release|Any CPU
		{DCDBECD1-B8E1-456B-B0CC-608067068532}.Release|Any CPU.Build.0 = Release|Any CPU
		{DCDBECD1-B8E1-456B-B0CC-608067068532}.Release|Any CPU.Deploy.0 = Release|Any CPU
		{DCDBECD1-B8E1-456B-B0CC-608067068532}.Release|ARM.ActiveCfg = Release|ARM
		{DCDBECD1-B8E1-456B-B0CC-608067068532}.Release|ARM.Build.0 = Release|ARM
		{DCDBECD1-B8E1-456B-B0CC-608067068532}.Release|ARM.Deploy.0 = Release|ARM
		{DCDBECD1-B8E1-456B-B0CC-608067068532}.Release|iPhone.ActiveCfg = Release|Any CPU
		{DCDBECD1-B8E1-456B-B0CC-608067068532}.Release|iPhone.Build.0 = Release|Any CPU
		{DCDBECD1-B8E1-456B-B0CC-608067068532}.Release|iPhone.Deploy.0 = Release|Any CPU
		{DCDBECD1-B8E1-456B-B0CC-608067068532}.Release|iPhoneSimulator.ActiveCfg = Release|Any CPU
		{DCDBECD1-B8E1-456B-B0CC-608067068532}.Release|iPhoneSimulator.Build.0 = Release|Any CPU
		{DCDBECD1-B8E1-456B-B0CC-608067068532}.Release|iPhoneSimulator.Deploy.0 = Release|Any CPU
		{DCDBECD1-B8E1-456B-B0CC-608067068532}.Release|x86.ActiveCfg = Release|x86
		{DCDBECD1-B8E1-456B-B0CC-608067068532}.Release|x86.Build.0 = Release|x86
		{DCDBECD1-B8E1-456B-B0CC-608067068532}.Release|x86.Deploy.0 = Release|x86
		{6CA763CC-60AB-4654-8AB0-925D4E2D97B1}.Ad-Hoc|Any CPU.ActiveCfg = Release|Any CPU
		{6CA763CC-60AB-4654-8AB0-925D4E2D97B1}.Ad-Hoc|Any CPU.Build.0 = Release|Any CPU
		{6CA763CC-60AB-4654-8AB0-925D4E2D97B1}.Ad-Hoc|ARM.ActiveCfg = Release|Any CPU
		{6CA763CC-60AB-4654-8AB0-925D4E2D97B1}.Ad-Hoc|ARM.Build.0 = Release|Any CPU
		{6CA763CC-60AB-4654-8AB0-925D4E2D97B1}.Ad-Hoc|iPhone.ActiveCfg = Release|Any CPU
		{6CA763CC-60AB-4654-8AB0-925D4E2D97B1}.Ad-Hoc|iPhone.Build.0 = Release|Any CPU
		{6CA763CC-60AB-4654-8AB0-925D4E2D97B1}.Ad-Hoc|iPhoneSimulator.ActiveCfg = Release|Any CPU
		{6CA763CC-60AB-4654-8AB0-925D4E2D97B1}.Ad-Hoc|iPhoneSimulator.Build.0 = Release|Any CPU
		{6CA763CC-60AB-4654-8AB0-925D4E2D97B1}.Ad-Hoc|x86.ActiveCfg = Release|Any CPU
		{6CA763CC-60AB-4654-8AB0-925D4E2D97B1}.Ad-Hoc|x86.Build.0 = Release|Any CPU
		{6CA763CC-60AB-4654-8AB0-925D4E2D97B1}.AppStore|Any CPU.ActiveCfg = Release|Any CPU
		{6CA763CC-60AB-4654-8AB0-925D4E2D97B1}.AppStore|Any CPU.Build.0 = Release|Any CPU
		{6CA763CC-60AB-4654-8AB0-925D4E2D97B1}.AppStore|ARM.ActiveCfg = Release|Any CPU
		{6CA763CC-60AB-4654-8AB0-925D4E2D97B1}.AppStore|ARM.Build.0 = Release|Any CPU
		{6CA763CC-60AB-4654-8AB0-925D4E2D97B1}.AppStore|iPhone.ActiveCfg = Release|Any CPU
		{6CA763CC-60AB-4654-8AB0-925D4E2D97B1}.AppStore|iPhone.Build.0 = Release|Any CPU
		{6CA763CC-60AB-4654-8AB0-925D4E2D97B1}.AppStore|iPhoneSimulator.ActiveCfg = Release|Any CPU
		{6CA763CC-60AB-4654-8AB0-925D4E2D97B1}.AppStore|iPhoneSimulator.Build.0 = Release|Any CPU
		{6CA763CC-60AB-4654-8AB0-925D4E2D97B1}.AppStore|x86.ActiveCfg = Release|Any CPU
		{6CA763CC-60AB-4654-8AB0-925D4E2D97B1}.AppStore|x86.Build.0 = Release|Any CPU
		{6CA763CC-60AB-4654-8AB0-925D4E2D97B1}.Debug|Any CPU.ActiveCfg = Debug|Any CPU
		{6CA763CC-60AB-4654-8AB0-925D4E2D97B1}.Debug|Any CPU.Build.0 = Debug|Any CPU
		{6CA763CC-60AB-4654-8AB0-925D4E2D97B1}.Debug|ARM.ActiveCfg = Debug|Any CPU
		{6CA763CC-60AB-4654-8AB0-925D4E2D97B1}.Debug|ARM.Build.0 = Debug|Any CPU
		{6CA763CC-60AB-4654-8AB0-925D4E2D97B1}.Debug|iPhone.ActiveCfg = Debug|Any CPU
		{6CA763CC-60AB-4654-8AB0-925D4E2D97B1}.Debug|iPhone.Build.0 = Debug|Any CPU
		{6CA763CC-60AB-4654-8AB0-925D4E2D97B1}.Debug|iPhoneSimulator.ActiveCfg = Debug|Any CPU
		{6CA763CC-60AB-4654-8AB0-925D4E2D97B1}.Debug|iPhoneSimulator.Build.0 = Debug|Any CPU
		{6CA763CC-60AB-4654-8AB0-925D4E2D97B1}.Debug|x86.ActiveCfg = Debug|Any CPU
		{6CA763CC-60AB-4654-8AB0-925D4E2D97B1}.Debug|x86.Build.0 = Debug|Any CPU
		{6CA763CC-60AB-4654-8AB0-925D4E2D97B1}.Release|Any CPU.ActiveCfg = Release|Any CPU
		{6CA763CC-60AB-4654-8AB0-925D4E2D97B1}.Release|Any CPU.Build.0 = Release|Any CPU
		{6CA763CC-60AB-4654-8AB0-925D4E2D97B1}.Release|ARM.ActiveCfg = Release|Any CPU
		{6CA763CC-60AB-4654-8AB0-925D4E2D97B1}.Release|ARM.Build.0 = Release|Any CPU
		{6CA763CC-60AB-4654-8AB0-925D4E2D97B1}.Release|iPhone.ActiveCfg = Release|Any CPU
		{6CA763CC-60AB-4654-8AB0-925D4E2D97B1}.Release|iPhone.Build.0 = Release|Any CPU
		{6CA763CC-60AB-4654-8AB0-925D4E2D97B1}.Release|iPhoneSimulator.ActiveCfg = Release|Any CPU
		{6CA763CC-60AB-4654-8AB0-925D4E2D97B1}.Release|iPhoneSimulator.Build.0 = Release|Any CPU
		{6CA763CC-60AB-4654-8AB0-925D4E2D97B1}.Release|x86.ActiveCfg = Release|Any CPU
		{6CA763CC-60AB-4654-8AB0-925D4E2D97B1}.Release|x86.Build.0 = Release|Any CPU
	EndGlobalSection
	GlobalSection(SolutionProperties) = preSolution
		HideSolutionNode = FALSE
	EndGlobalSection
EndGlobal
